
Microsoft Visual Studio Solution File, Format Version 12.00
# Visual Studio Version 16
VisualStudioVersion = 16.0.30621.155
MinimumVisualStudioVersion = 10.0.40219.1
Project("{9A19103F-16F7-4668-BE54-9A1E7A4F7556}") = "DIEGOYMIRIAMP2", "DIEGOYMIRIAMP2\DIEGOYMIRIAMP2.csproj", "{2841640A-95CD-4234-8E2E-EE5360617E5C}"
EndProject
Project("{9A19103F-16F7-4668-BE54-9A1E7A4F7556}") = "Colores", "Colores\Colores.csproj", "{91D73BA3-B74B-4F52-8B60-AA6A99413400}"
EndProject
Project("{FAE04EC0-301F-11D3-BF4B-00C04F79EFBC}") = "ScrollPieces", "ScrollPieces\ScrollPieces.csproj", "{DF67B40C-51A5-48C9-8CE9-77FD473DAF19}"
EndProject
Global
	GlobalSection(SolutionConfigurationPlatforms) = preSolution
		Debug|Any CPU = Debug|Any CPU
		Release|Any CPU = Release|Any CPU
	EndGlobalSection
	GlobalSection(ProjectConfigurationPlatforms) = postSolution
		{2841640A-95CD-4234-8E2E-EE5360617E5C}.Debug|Any CPU.ActiveCfg = Debug|Any CPU
		{2841640A-95CD-4234-8E2E-EE5360617E5C}.Debug|Any CPU.Build.0 = Debug|Any CPU
		{2841640A-95CD-4234-8E2E-EE5360617E5C}.Release|Any CPU.ActiveCfg = Release|Any CPU
		{2841640A-95CD-4234-8E2E-EE5360617E5C}.Release|Any CPU.Build.0 = Release|Any CPU
		{91D73BA3-B74B-4F52-8B60-AA6A99413400}.Debug|Any CPU.ActiveCfg = Debug|Any CPU
		{91D73BA3-B74B-4F52-8B60-AA6A99413400}.Debug|Any CPU.Build.0 = Debug|Any CPU
		{91D73BA3-B74B-4F52-8B60-AA6A99413400}.Release|Any CPU.ActiveCfg = Release|Any CPU
		{91D73BA3-B74B-4F52-8B60-AA6A99413400}.Release|Any CPU.Build.0 = Release|Any CPU
		{DF67B40C-51A5-48C9-8CE9-77FD473DAF19}.Debug|Any CPU.ActiveCfg = Debug|Any CPU
		{DF67B40C-51A5-48C9-8CE9-77FD473DAF19}.Debug|Any CPU.Build.0 = Debug|Any CPU
		{DF67B40C-51A5-48C9-8CE9-77FD473DAF19}.Release|Any CPU.ActiveCfg = Release|Any CPU
		{DF67B40C-51A5-48C9-8CE9-77FD473DAF19}.Release|Any CPU.Build.0 = Release|Any CPU
	EndGlobalSection
	GlobalSection(SolutionProperties) = preSolution
		HideSolutionNode = FALSE
	EndGlobalSection
	GlobalSection(ExtensibilityGlobals) = postSolution
		SolutionGuid = {1751E8FD-A3BC-4FCD-B3E9-9D9328257B21}
	EndGlobalSection
EndGlobal
